
Microsoft Visual Studio Solution File, Format Version 12.00
# Visual Studio Version 16
VisualStudioVersion = 25.0.1706.12
MinimumVisualStudioVersion = 10.0.40219.1
Project("{FAE04EC0-301F-11D3-BF4B-00C04F79EFBC}") = "HelloWorld", "HelloWorld.csproj", "{265C7AA8-D1EA-4609-A809-01772B8CF86D}"
EndProject
Global
	GlobalSection(SolutionConfigurationPlatforms) = preSolution
		Debug|Any CPU = Debug|Any CPU
		Release|Any CPU = Release|Any CPU
	EndGlobalSection
	GlobalSection(ProjectConfigurationPlatforms) = postSolution
		{265C7AA8-D1EA-4609-A809-01772B8CF86D}.Debug|Any CPU.ActiveCfg = Debug|Any CPU
		{265C7AA8-D1EA-4609-A809-01772B8CF86D}.Debug|Any CPU.Build.0 = Debug|Any CPU
		{265C7AA8-D1EA-4609-A809-01772B8CF86D}.Release|Any CPU.ActiveCfg = Release|Any CPU
		{265C7AA8-D1EA-4609-A809-01772B8CF86D}.Release|Any CPU.Build.0 = Release|Any CPU
	EndGlobalSection
	GlobalSection(SolutionProperties) = preSolution
		HideSolutionNode = FALSE
	EndGlobalSection
	GlobalSection(ExtensibilityGlobals) = postSolution
		SolutionGuid = {7C7B9CC9-9132-41AD-AD56-18150DA7E2FF}
	EndGlobalSection
EndGlobal
